// !$*UTF8*$!
{
	archiveVersion = 1;
	classes = {
	};
	objectVersion = 55;
	objects = {

/* Begin PBXBuildFile section */
		01D7D967285B29AC00F262CA /* ScheduleModel.swift in Sources */ = {isa = PBXBuildFile; fileRef = 01D7D966285B29AC00F262CA /* ScheduleModel.swift */; };
		01D7D96B285B2A8900F262CA /* scheduleView.swift in Sources */ = {isa = PBXBuildFile; fileRef = 01D7D96A285B2A8900F262CA /* scheduleView.swift */; };
		01D7D96F285B2AD400F262CA /* upExpertSession.swift in Sources */ = {isa = PBXBuildFile; fileRef = 01D7D96E285B2AD400F262CA /* upExpertSession.swift */; };
		01D7D973285B2B4500F262CA /* paymentView.swift in Sources */ = {isa = PBXBuildFile; fileRef = 01D7D972285B2B4500F262CA /* paymentView.swift */; };
		01D7D975285B2BBD00F262CA /* importFile.swift in Sources */ = {isa = PBXBuildFile; fileRef = 01D7D974285B2BBD00F262CA /* importFile.swift */; };
		01D7D977285B2BE300F262CA /* pastExpertSession.swift in Sources */ = {isa = PBXBuildFile; fileRef = 01D7D976285B2BE300F262CA /* pastExpertSession.swift */; };
		01D7D979285B2C7300F262CA /* SingUpConfirmedView.swift in Sources */ = {isa = PBXBuildFile; fileRef = 01D7D978285B2C7300F262CA /* SingUpConfirmedView.swift */; };
		091FA2F22845D7D70035F3F4 /* TakeTechApp.swift in Sources */ = {isa = PBXBuildFile; fileRef = 091FA2F12845D7D70035F3F4 /* TakeTechApp.swift */; };
		091FA2F42845D7D70035F3F4 /* ContentView.swift in Sources */ = {isa = PBXBuildFile; fileRef = 091FA2F32845D7D70035F3F4 /* ContentView.swift */; };
		091FA2F62845D7D70035F3F4 /* Assets.xcassets in Resources */ = {isa = PBXBuildFile; fileRef = 091FA2F52845D7D70035F3F4 /* Assets.xcassets */; };
		091FA2F92845D7D70035F3F4 /* Preview Assets.xcassets in Resources */ = {isa = PBXBuildFile; fileRef = 091FA2F82845D7D70035F3F4 /* Preview Assets.xcassets */; };
		091FA3052845E3040035F3F4 /* consultantCard.swift in Sources */ = {isa = PBXBuildFile; fileRef = 091FA3042845E3040035F3F4 /* consultantCard.swift */; };
		092FCC3928585DFD002BE83D /* DataPerson.swift in Sources */ = {isa = PBXBuildFile; fileRef = 092FCC3828585DFD002BE83D /* DataPerson.swift */; };
		092FCC3B285867A3002BE83D /* ListOfCards.swift in Sources */ = {isa = PBXBuildFile; fileRef = 092FCC3A285867A3002BE83D /* ListOfCards.swift */; };
		098E838D2859C3C70011AFC6 /* FavoriteCard.swift in Sources */ = {isa = PBXBuildFile; fileRef = 098E83862859C3C70011AFC6 /* FavoriteCard.swift */; };
		098E838E2859C3C70011AFC6 /* EmptyState.swift in Sources */ = {isa = PBXBuildFile; fileRef = 098E83872859C3C70011AFC6 /* EmptyState.swift */; };
		098E838F2859C3C70011AFC6 /* Fivorite.swift in Sources */ = {isa = PBXBuildFile; fileRef = 098E83882859C3C70011AFC6 /* Fivorite.swift */; };
		098E83902859C3C70011AFC6 /* userProfileView.swift in Sources */ = {isa = PBXBuildFile; fileRef = 098E83892859C3C70011AFC6 /* userProfileView.swift */; };
		098E83912859C3C70011AFC6 /* ImagePicker.swift in Sources */ = {isa = PBXBuildFile; fileRef = 098E838A2859C3C70011AFC6 /* ImagePicker.swift */; };
		098E83922859C3C70011AFC6 /* EditProfileView.swift in Sources */ = {isa = PBXBuildFile; fileRef = 098E838B2859C3C70011AFC6 /* EditProfileView.swift */; };
		098E83932859C3C70011AFC6 /* profileImageMod.swift in Sources */ = {isa = PBXBuildFile; fileRef = 098E838C2859C3C70011AFC6 /* profileImageMod.swift */; };
		098E83F3285A46E40011AFC6 /* CardDetails.swift in Sources */ = {isa = PBXBuildFile; fileRef = 098E83F2285A46E40011AFC6 /* CardDetails.swift */; };
		09931B95285F46EB0040A282 /* Localizable.strings in Resources */ = {isa = PBXBuildFile; fileRef = 09931B97285F46EB0040A282 /* Localizable.strings */; };
		106CE6CA2847EF6D00E394BB /* FirstPage.swift in Sources */ = {isa = PBXBuildFile; fileRef = 106CE6C92847EF6D00E394BB /* FirstPage.swift */; };
		106CE6CC2847EF9900E394BB /* LogIn.swift in Sources */ = {isa = PBXBuildFile; fileRef = 106CE6CB2847EF9900E394BB /* LogIn.swift */; };
		106CE6CE2847EFBF00E394BB /* SignUp.swift in Sources */ = {isa = PBXBuildFile; fileRef = 106CE6CD2847EFBF00E394BB /* SignUp.swift */; };
		106CE6D02847EFE200E394BB /* sheetView.swift in Sources */ = {isa = PBXBuildFile; fileRef = 106CE6CF2847EFE200E394BB /* sheetView.swift */; };
		10C56F1C2855E58100A55DD8 /* GoogleService-Info.plist in Resources */ = {isa = PBXBuildFile; fileRef = 10C56F1B2855E58100A55DD8 /* GoogleService-Info.plist */; };
		10C56F1F2855E66400A55DD8 /* FirebaseAuth in Frameworks */ = {isa = PBXBuildFile; productRef = 10C56F1E2855E66400A55DD8 /* FirebaseAuth */; };
		10C56F212855E66400A55DD8 /* FirebaseFirestore in Frameworks */ = {isa = PBXBuildFile; productRef = 10C56F202855E66400A55DD8 /* FirebaseFirestore */; };
		10C56F232855E66400A55DD8 /* FirebaseStorage in Frameworks */ = {isa = PBXBuildFile; productRef = 10C56F222855E66400A55DD8 /* FirebaseStorage */; };
		8828DE762857265000325CDF /* TabBar.swift in Sources */ = {isa = PBXBuildFile; fileRef = 8828DE752857265000325CDF /* TabBar.swift */; };
		8828DE782857268600325CDF /* TabBarConsu.swift in Sources */ = {isa = PBXBuildFile; fileRef = 8828DE772857268600325CDF /* TabBarConsu.swift */; };
		8828DE7A2857269B00325CDF /* PastCard.swift in Sources */ = {isa = PBXBuildFile; fileRef = 8828DE792857269B00325CDF /* PastCard.swift */; };
		8828DE7C285726B200325CDF /* Upcoming.swift in Sources */ = {isa = PBXBuildFile; fileRef = 8828DE7B285726B200325CDF /* Upcoming.swift */; };
		8828DE7E285726D800325CDF /* Review.swift in Sources */ = {isa = PBXBuildFile; fileRef = 8828DE7D285726D800325CDF /* Review.swift */; };
		8828DE80285726F500325CDF /* SessionConfirmedView.swift in Sources */ = {isa = PBXBuildFile; fileRef = 8828DE7F285726F500325CDF /* SessionConfirmedView.swift */; };
		8828DE822857273F00325CDF /* SessionView.swift in Sources */ = {isa = PBXBuildFile; fileRef = 8828DE812857273F00325CDF /* SessionView.swift */; };
/* End PBXBuildFile section */

/* Begin PBXFileReference section */
		01D7D966285B29AC00F262CA /* ScheduleModel.swift */ = {isa = PBXFileReference; lastKnownFileType = sourcecode.swift; path = ScheduleModel.swift; sourceTree = "<group>"; };
		01D7D96A285B2A8900F262CA /* scheduleView.swift */ = {isa = PBXFileReference; lastKnownFileType = sourcecode.swift; path = scheduleView.swift; sourceTree = "<group>"; };
		01D7D96E285B2AD400F262CA /* upExpertSession.swift */ = {isa = PBXFileReference; lastKnownFileType = sourcecode.swift; path = upExpertSession.swift; sourceTree = "<group>"; };
		01D7D972285B2B4500F262CA /* paymentView.swift */ = {isa = PBXFileReference; lastKnownFileType = sourcecode.swift; path = paymentView.swift; sourceTree = "<group>"; };
		01D7D974285B2BBD00F262CA /* importFile.swift */ = {isa = PBXFileReference; lastKnownFileType = sourcecode.swift; path = importFile.swift; sourceTree = "<group>"; };
		01D7D976285B2BE300F262CA /* pastExpertSession.swift */ = {isa = PBXFileReference; lastKnownFileType = sourcecode.swift; path = pastExpertSession.swift; sourceTree = "<group>"; };
		01D7D978285B2C7300F262CA /* SingUpConfirmedView.swift */ = {isa = PBXFileReference; lastKnownFileType = sourcecode.swift; path = SingUpConfirmedView.swift; sourceTree = "<group>"; };
		091FA2EE2845D7D70035F3F4 /* TakeTech.app */ = {isa = PBXFileReference; explicitFileType = wrapper.application; includeInIndex = 0; path = TakeTech.app; sourceTree = BUILT_PRODUCTS_DIR; };
		091FA2F12845D7D70035F3F4 /* TakeTechApp.swift */ = {isa = PBXFileReference; lastKnownFileType = sourcecode.swift; path = TakeTechApp.swift; sourceTree = "<group>"; };
		091FA2F32845D7D70035F3F4 /* ContentView.swift */ = {isa = PBXFileReference; lastKnownFileType = sourcecode.swift; path = ContentView.swift; sourceTree = "<group>"; };
		091FA2F52845D7D70035F3F4 /* Assets.xcassets */ = {isa = PBXFileReference; lastKnownFileType = folder.assetcatalog; path = Assets.xcassets; sourceTree = "<group>"; };
		091FA2F82845D7D70035F3F4 /* Preview Assets.xcassets */ = {isa = PBXFileReference; lastKnownFileType = folder.assetcatalog; path = "Preview Assets.xcassets"; sourceTree = "<group>"; };
		091FA3042845E3040035F3F4 /* consultantCard.swift */ = {isa = PBXFileReference; lastKnownFileType = sourcecode.swift; path = consultantCard.swift; sourceTree = "<group>"; };
		092FCC3828585DFD002BE83D /* DataPerson.swift */ = {isa = PBXFileReference; lastKnownFileType = sourcecode.swift; path = DataPerson.swift; sourceTree = "<group>"; };
		092FCC3A285867A3002BE83D /* ListOfCards.swift */ = {isa = PBXFileReference; lastKnownFileType = sourcecode.swift; path = ListOfCards.swift; sourceTree = "<group>"; };
		098E83862859C3C70011AFC6 /* FavoriteCard.swift */ = {isa = PBXFileReference; fileEncoding = 4; lastKnownFileType = sourcecode.swift; path = FavoriteCard.swift; sourceTree = "<group>"; };
		098E83872859C3C70011AFC6 /* EmptyState.swift */ = {isa = PBXFileReference; fileEncoding = 4; lastKnownFileType = sourcecode.swift; path = EmptyState.swift; sourceTree = "<group>"; };
		098E83882859C3C70011AFC6 /* Fivorite.swift */ = {isa = PBXFileReference; fileEncoding = 4; lastKnownFileType = sourcecode.swift; path = Fivorite.swift; sourceTree = "<group>"; };
		098E83892859C3C70011AFC6 /* userProfileView.swift */ = {isa = PBXFileReference; fileEncoding = 4; lastKnownFileType = sourcecode.swift; path = userProfileView.swift; sourceTree = "<group>"; };
		098E838A2859C3C70011AFC6 /* ImagePicker.swift */ = {isa = PBXFileReference; fileEncoding = 4; lastKnownFileType = sourcecode.swift; path = ImagePicker.swift; sourceTree = "<group>"; };
		098E838B2859C3C70011AFC6 /* EditProfileView.swift */ = {isa = PBXFileReference; fileEncoding = 4; lastKnownFileType = sourcecode.swift; path = EditProfileView.swift; sourceTree = "<group>"; };
		098E838C2859C3C70011AFC6 /* profileImageMod.swift */ = {isa = PBXFileReference; fileEncoding = 4; lastKnownFileType = sourcecode.swift; path = profileImageMod.swift; sourceTree = "<group>"; };
		098E83F2285A46E40011AFC6 /* CardDetails.swift */ = {isa = PBXFileReference; lastKnownFileType = sourcecode.swift; path = CardDetails.swift; sourceTree = "<group>"; };
		09931B96285F46EB0040A282 /* ar */ = {isa = PBXFileReference; lastKnownFileType = text.plist.strings; name = ar; path = ar.lproj/Localizable.strings; sourceTree = "<group>"; };
		09931B98285F47170040A282 /* en */ = {isa = PBXFileReference; lastKnownFileType = text.plist.strings; name = en; path = en.lproj/Localizable.strings; sourceTree = "<group>"; };
		106CE6C92847EF6D00E394BB /* FirstPage.swift */ = {isa = PBXFileReference; lastKnownFileType = sourcecode.swift; path = FirstPage.swift; sourceTree = "<group>"; };
		106CE6CB2847EF9900E394BB /* LogIn.swift */ = {isa = PBXFileReference; lastKnownFileType = sourcecode.swift; path = LogIn.swift; sourceTree = "<group>"; };
		106CE6CD2847EFBF00E394BB /* SignUp.swift */ = {isa = PBXFileReference; lastKnownFileType = sourcecode.swift; path = SignUp.swift; sourceTree = "<group>"; };
		106CE6CF2847EFE200E394BB /* sheetView.swift */ = {isa = PBXFileReference; lastKnownFileType = sourcecode.swift; path = sheetView.swift; sourceTree = "<group>"; };
		10C56F1A2851D41000A55DD8 /* TakeTech.entitlements */ = {isa = PBXFileReference; lastKnownFileType = text.plist.entitlements; path = TakeTech.entitlements; sourceTree = "<group>"; };
		10C56F1B2855E58100A55DD8 /* GoogleService-Info.plist */ = {isa = PBXFileReference; fileEncoding = 4; lastKnownFileType = text.plist.xml; path = "GoogleService-Info.plist"; sourceTree = "<group>"; };
		8828DE752857265000325CDF /* TabBar.swift */ = {isa = PBXFileReference; lastKnownFileType = sourcecode.swift; path = TabBar.swift; sourceTree = "<group>"; };
		8828DE772857268600325CDF /* TabBarConsu.swift */ = {isa = PBXFileReference; lastKnownFileType = sourcecode.swift; path = TabBarConsu.swift; sourceTree = "<group>"; };
		8828DE792857269B00325CDF /* PastCard.swift */ = {isa = PBXFileReference; lastKnownFileType = sourcecode.swift; path = PastCard.swift; sourceTree = "<group>"; };
		8828DE7B285726B200325CDF /* Upcoming.swift */ = {isa = PBXFileReference; lastKnownFileType = sourcecode.swift; path = Upcoming.swift; sourceTree = "<group>"; };
		8828DE7D285726D800325CDF /* Review.swift */ = {isa = PBXFileReference; lastKnownFileType = sourcecode.swift; path = Review.swift; sourceTree = "<group>"; };
		8828DE7F285726F500325CDF /* SessionConfirmedView.swift */ = {isa = PBXFileReference; lastKnownFileType = sourcecode.swift; path = SessionConfirmedView.swift; sourceTree = "<group>"; };
		8828DE812857273F00325CDF /* SessionView.swift */ = {isa = PBXFileReference; lastKnownFileType = sourcecode.swift; path = SessionView.swift; sourceTree = "<group>"; };
/* End PBXFileReference section */

/* Begin PBXFrameworksBuildPhase section */
		091FA2EB2845D7D70035F3F4 /* Frameworks */ = {
			isa = PBXFrameworksBuildPhase;
			buildActionMask = 2147483647;
			files = (
				10C56F1F2855E66400A55DD8 /* FirebaseAuth in Frameworks */,
				10C56F212855E66400A55DD8 /* FirebaseFirestore in Frameworks */,
				10C56F232855E66400A55DD8 /* FirebaseStorage in Frameworks */,
			);
			runOnlyForDeploymentPostprocessing = 0;
		};
/* End PBXFrameworksBuildPhase section */

/* Begin PBXGroup section */
		091FA2E52845D7D70035F3F4 = {
			isa = PBXGroup;
			children = (
				091FA2F02845D7D70035F3F4 /* TakeTech */,
				091FA2EF2845D7D70035F3F4 /* Products */,
			);
			sourceTree = "<group>";
		};
		091FA2EF2845D7D70035F3F4 /* Products */ = {
			isa = PBXGroup;
			children = (
				091FA2EE2845D7D70035F3F4 /* TakeTech.app */,
			);
			name = Products;
			sourceTree = "<group>";
		};
		091FA2F02845D7D70035F3F4 /* TakeTech */ = {
			isa = PBXGroup;
			children = (
				10C56F1A2851D41000A55DD8 /* TakeTech.entitlements */,
				091FA2F12845D7D70035F3F4 /* TakeTechApp.swift */,
				091FA2F32845D7D70035F3F4 /* ContentView.swift */,
				092FCC3A285867A3002BE83D /* ListOfCards.swift */,
				106CE6C92847EF6D00E394BB /* FirstPage.swift */,
				106CE6CD2847EFBF00E394BB /* SignUp.swift */,
				106CE6CB2847EF9900E394BB /* LogIn.swift */,
				106CE6CF2847EFE200E394BB /* sheetView.swift */,
				091FA3042845E3040035F3F4 /* consultantCard.swift */,
				098E83F2285A46E40011AFC6 /* CardDetails.swift */,
				8828DE7D285726D800325CDF /* Review.swift */,
				8828DE812857273F00325CDF /* SessionView.swift */,
				8828DE7F285726F500325CDF /* SessionConfirmedView.swift */,
				01D7D978285B2C7300F262CA /* SingUpConfirmedView.swift */,
				098E83892859C3C70011AFC6 /* userProfileView.swift */,
				098E838B2859C3C70011AFC6 /* EditProfileView.swift */,
				01D7D972285B2B4500F262CA /* paymentView.swift */,
				01D7D974285B2BBD00F262CA /* importFile.swift */,
				01D7D96A285B2A8900F262CA /* scheduleView.swift */,
				098E83852859C3C70011AFC6 /* Favorite View */,
				8828DE742857261B00325CDF /* Model */,
				09931B97285F46EB0040A282 /* Localizable.strings */,
				10C56F1B2855E58100A55DD8 /* GoogleService-Info.plist */,
				091FA2F52845D7D70035F3F4 /* Assets.xcassets */,
				091FA2F72845D7D70035F3F4 /* Preview Content */,
			);
			path = TakeTech;
			sourceTree = "<group>";
		};
		091FA2F72845D7D70035F3F4 /* Preview Content */ = {
			isa = PBXGroup;
			children = (
				091FA2F82845D7D70035F3F4 /* Preview Assets.xcassets */,
			);
			path = "Preview Content";
			sourceTree = "<group>";
		};
		098E83842859C3750011AFC6 /* Data */ = {
			isa = PBXGroup;
			children = (
				01D7D966285B29AC00F262CA /* ScheduleModel.swift */,
				092FCC3828585DFD002BE83D /* DataPerson.swift */,
			);
			path = Data;
			sourceTree = "<group>";
		};
		098E83852859C3C70011AFC6 /* Favorite View */ = {
			isa = PBXGroup;
			children = (
				098E83862859C3C70011AFC6 /* FavoriteCard.swift */,
				098E83872859C3C70011AFC6 /* EmptyState.swift */,
				098E83882859C3C70011AFC6 /* Fivorite.swift */,
			);
			path = "Favorite View";
			sourceTree = "<group>";
		};
		8828DE742857261B00325CDF /* Model */ = {
			isa = PBXGroup;
			children = (
				098E838A2859C3C70011AFC6 /* ImagePicker.swift */,
				098E838C2859C3C70011AFC6 /* profileImageMod.swift */,
				01D7D976285B2BE300F262CA /* pastExpertSession.swift */,
				01D7D96E285B2AD400F262CA /* upExpertSession.swift */,
				8828DE752857265000325CDF /* TabBar.swift */,
				8828DE772857268600325CDF /* TabBarConsu.swift */,
				8828DE792857269B00325CDF /* PastCard.swift */,
				8828DE7B285726B200325CDF /* Upcoming.swift */,
				098E83842859C3750011AFC6 /* Data */,
			);
			path = Model;
			sourceTree = "<group>";
		};
/* End PBXGroup section */

/* Begin PBXNativeTarget section */
		091FA2ED2845D7D70035F3F4 /* TakeTech */ = {
			isa = PBXNativeTarget;
			buildConfigurationList = 091FA2FC2845D7D70035F3F4 /* Build configuration list for PBXNativeTarget "TakeTech" */;
			buildPhases = (
				091FA2EA2845D7D70035F3F4 /* Sources */,
				091FA2EB2845D7D70035F3F4 /* Frameworks */,
				091FA2EC2845D7D70035F3F4 /* Resources */,
			);
			buildRules = (
			);
			dependencies = (
			);
			name = TakeTech;
			packageProductDependencies = (
				10C56F1E2855E66400A55DD8 /* FirebaseAuth */,
				10C56F202855E66400A55DD8 /* FirebaseFirestore */,
				10C56F222855E66400A55DD8 /* FirebaseStorage */,
			);
			productName = TakeTech;
			productReference = 091FA2EE2845D7D70035F3F4 /* TakeTech.app */;
			productType = "com.apple.product-type.application";
		};
/* End PBXNativeTarget section */

/* Begin PBXProject section */
		091FA2E62845D7D70035F3F4 /* Project object */ = {
			isa = PBXProject;
			attributes = {
				BuildIndependentTargetsInParallel = 1;
				LastSwiftUpdateCheck = 1340;
				LastUpgradeCheck = 1340;
				TargetAttributes = {
					091FA2ED2845D7D70035F3F4 = {
						CreatedOnToolsVersion = 13.4;
					};
				};
			};
			buildConfigurationList = 091FA2E92845D7D70035F3F4 /* Build configuration list for PBXProject "TakeTech" */;
			compatibilityVersion = "Xcode 13.0";
			developmentRegion = en;
			hasScannedForEncodings = 0;
			knownRegions = (
				en,
				Base,
				ar,
			);
			mainGroup = 091FA2E52845D7D70035F3F4;
			packageReferences = (
				10C56F1D2855E66400A55DD8 /* XCRemoteSwiftPackageReference "firebase-ios-sdk" */,
			);
			productRefGroup = 091FA2EF2845D7D70035F3F4 /* Products */;
			projectDirPath = "";
			projectRoot = "";
			targets = (
				091FA2ED2845D7D70035F3F4 /* TakeTech */,
			);
		};
/* End PBXProject section */

/* Begin PBXResourcesBuildPhase section */
		091FA2EC2845D7D70035F3F4 /* Resources */ = {
			isa = PBXResourcesBuildPhase;
			buildActionMask = 2147483647;
			files = (
				091FA2F92845D7D70035F3F4 /* Preview Assets.xcassets in Resources */,
				09931B95285F46EB0040A282 /* Localizable.strings in Resources */,
				091FA2F62845D7D70035F3F4 /* Assets.xcassets in Resources */,
				10C56F1C2855E58100A55DD8 /* GoogleService-Info.plist in Resources */,
			);
			runOnlyForDeploymentPostprocessing = 0;
		};
/* End PBXResourcesBuildPhase section */

/* Begin PBXSourcesBuildPhase section */
		091FA2EA2845D7D70035F3F4 /* Sources */ = {
			isa = PBXSourcesBuildPhase;
			buildActionMask = 2147483647;
			files = (
				098E83932859C3C70011AFC6 /* profileImageMod.swift in Sources */,
				092FCC3928585DFD002BE83D /* DataPerson.swift in Sources */,
				106CE6D02847EFE200E394BB /* sheetView.swift in Sources */,
				098E838D2859C3C70011AFC6 /* FavoriteCard.swift in Sources */,
				098E83F3285A46E40011AFC6 /* CardDetails.swift in Sources */,
				01D7D973285B2B4500F262CA /* paymentView.swift in Sources */,
				098E83912859C3C70011AFC6 /* ImagePicker.swift in Sources */,
				01D7D975285B2BBD00F262CA /* importFile.swift in Sources */,
				106CE6CC2847EF9900E394BB /* LogIn.swift in Sources */,
				8828DE80285726F500325CDF /* SessionConfirmedView.swift in Sources */,
				8828DE7C285726B200325CDF /* Upcoming.swift in Sources */,
				106CE6CE2847EFBF00E394BB /* SignUp.swift in Sources */,
				8828DE762857265000325CDF /* TabBar.swift in Sources */,
				8828DE7E285726D800325CDF /* Review.swift in Sources */,
				01D7D979285B2C7300F262CA /* SingUpConfirmedView.swift in Sources */,
				8828DE822857273F00325CDF /* SessionView.swift in Sources */,
				091FA2F42845D7D70035F3F4 /* ContentView.swift in Sources */,
				092FCC3B285867A3002BE83D /* ListOfCards.swift in Sources */,
				01D7D977285B2BE300F262CA /* pastExpertSession.swift in Sources */,
				098E83922859C3C70011AFC6 /* EditProfileView.swift in Sources */,
				098E83902859C3C70011AFC6 /* userProfileView.swift in Sources */,
				01D7D967285B29AC00F262CA /* ScheduleModel.swift in Sources */,
				8828DE7A2857269B00325CDF /* PastCard.swift in Sources */,
				098E838F2859C3C70011AFC6 /* Fivorite.swift in Sources */,
				091FA3052845E3040035F3F4 /* consultantCard.swift in Sources */,
				01D7D96B285B2A8900F262CA /* scheduleView.swift in Sources */,
				01D7D96F285B2AD400F262CA /* upExpertSession.swift in Sources */,
				091FA2F22845D7D70035F3F4 /* TakeTechApp.swift in Sources */,
				098E838E2859C3C70011AFC6 /* EmptyState.swift in Sources */,
				106CE6CA2847EF6D00E394BB /* FirstPage.swift in Sources */,
				8828DE782857268600325CDF /* TabBarConsu.swift in Sources */,
			);
			runOnlyForDeploymentPostprocessing = 0;
		};
/* End PBXSourcesBuildPhase section */

/* Begin PBXVariantGroup section */
		09931B97285F46EB0040A282 /* Localizable.strings */ = {
			isa = PBXVariantGroup;
			children = (
				09931B96285F46EB0040A282 /* ar */,
				09931B98285F47170040A282 /* en */,
			);
			name = Localizable.strings;
			sourceTree = "<group>";
		};
/* End PBXVariantGroup section */

/* Begin XCBuildConfiguration section */
		091FA2FA2845D7D70035F3F4 /* Debug */ = {
			isa = XCBuildConfiguration;
			buildSettings = {
				ALWAYS_SEARCH_USER_PATHS = NO;
				CLANG_ANALYZER_NONNULL = YES;
				CLANG_ANALYZER_NUMBER_OBJECT_CONVERSION = YES_AGGRESSIVE;
				CLANG_CXX_LANGUAGE_STANDARD = "gnu++17";
				CLANG_ENABLE_MODULES = YES;
				CLANG_ENABLE_OBJC_ARC = YES;
				CLANG_ENABLE_OBJC_WEAK = YES;
				CLANG_WARN_BLOCK_CAPTURE_AUTORELEASING = YES;
				CLANG_WARN_BOOL_CONVERSION = YES;
				CLANG_WARN_COMMA = YES;
				CLANG_WARN_CONSTANT_CONVERSION = YES;
				CLANG_WARN_DEPRECATED_OBJC_IMPLEMENTATIONS = YES;
				CLANG_WARN_DIRECT_OBJC_ISA_USAGE = YES_ERROR;
				CLANG_WARN_DOCUMENTATION_COMMENTS = YES;
				CLANG_WARN_EMPTY_BODY = YES;
				CLANG_WARN_ENUM_CONVERSION = YES;
				CLANG_WARN_INFINITE_RECURSION = YES;
				CLANG_WARN_INT_CONVERSION = YES;
				CLANG_WARN_NON_LITERAL_NULL_CONVERSION = YES;
				CLANG_WARN_OBJC_IMPLICIT_RETAIN_SELF = YES;
				CLANG_WARN_OBJC_LITERAL_CONVERSION = YES;
				CLANG_WARN_OBJC_ROOT_CLASS = YES_ERROR;
				CLANG_WARN_QUOTED_INCLUDE_IN_FRAMEWORK_HEADER = YES;
				CLANG_WARN_RANGE_LOOP_ANALYSIS = YES;
				CLANG_WARN_STRICT_PROTOTYPES = YES;
				CLANG_WARN_SUSPICIOUS_MOVE = YES;
				CLANG_WARN_UNGUARDED_AVAILABILITY = YES_AGGRESSIVE;
				CLANG_WARN_UNREACHABLE_CODE = YES;
				CLANG_WARN__DUPLICATE_METHOD_MATCH = YES;
				COPY_PHASE_STRIP = NO;
				DEBUG_INFORMATION_FORMAT = dwarf;
				ENABLE_STRICT_OBJC_MSGSEND = YES;
				ENABLE_TESTABILITY = YES;
				GCC_C_LANGUAGE_STANDARD = gnu11;
				GCC_DYNAMIC_NO_PIC = NO;
				GCC_NO_COMMON_BLOCKS = YES;
				GCC_OPTIMIZATION_LEVEL = 0;
				GCC_PREPROCESSOR_DEFINITIONS = (
					"DEBUG=1",
					"$(inherited)",
				);
				GCC_WARN_64_TO_32_BIT_CONVERSION = YES;
				GCC_WARN_ABOUT_RETURN_TYPE = YES_ERROR;
				GCC_WARN_UNDECLARED_SELECTOR = YES;
				GCC_WARN_UNINITIALIZED_AUTOS = YES_AGGRESSIVE;
				GCC_WARN_UNUSED_FUNCTION = YES;
				GCC_WARN_UNUSED_VARIABLE = YES;
				IPHONEOS_DEPLOYMENT_TARGET = 15.5;
				MTL_ENABLE_DEBUG_INFO = INCLUDE_SOURCE;
				MTL_FAST_MATH = YES;
				ONLY_ACTIVE_ARCH = YES;
				SDKROOT = iphoneos;
				SWIFT_ACTIVE_COMPILATION_CONDITIONS = DEBUG;
				SWIFT_OPTIMIZATION_LEVEL = "-Onone";
			};
			name = Debug;
		};
		091FA2FB2845D7D70035F3F4 /* Release */ = {
			isa = XCBuildConfiguration;
			buildSettings = {
				ALWAYS_SEARCH_USER_PATHS = NO;
				CLANG_ANALYZER_NONNULL = YES;
				CLANG_ANALYZER_NUMBER_OBJECT_CONVERSION = YES_AGGRESSIVE;
				CLANG_CXX_LANGUAGE_STANDARD = "gnu++17";
				CLANG_ENABLE_MODULES = YES;
				CLANG_ENABLE_OBJC_ARC = YES;
				CLANG_ENABLE_OBJC_WEAK = YES;
				CLANG_WARN_BLOCK_CAPTURE_AUTORELEASING = YES;
				CLANG_WARN_BOOL_CONVERSION = YES;
				CLANG_WARN_COMMA = YES;
				CLANG_WARN_CONSTANT_CONVERSION = YES;
				CLANG_WARN_DEPRECATED_OBJC_IMPLEMENTATIONS = YES;
				CLANG_WARN_DIRECT_OBJC_ISA_USAGE = YES_ERROR;
				CLANG_WARN_DOCUMENTATION_COMMENTS = YES;
				CLANG_WARN_EMPTY_BODY = YES;
				CLANG_WARN_ENUM_CONVERSION = YES;
				CLANG_WARN_INFINITE_RECURSION = YES;
				CLANG_WARN_INT_CONVERSION = YES;
				CLANG_WARN_NON_LITERAL_NULL_CONVERSION = YES;
				CLANG_WARN_OBJC_IMPLICIT_RETAIN_SELF = YES;
				CLANG_WARN_OBJC_LITERAL_CONVERSION = YES;
				CLANG_WARN_OBJC_ROOT_CLASS = YES_ERROR;
				CLANG_WARN_QUOTED_INCLUDE_IN_FRAMEWORK_HEADER = YES;
				CLANG_WARN_RANGE_LOOP_ANALYSIS = YES;
				CLANG_WARN_STRICT_PROTOTYPES = YES;
				CLANG_WARN_SUSPICIOUS_MOVE = YES;
				CLANG_WARN_UNGUARDED_AVAILABILITY = YES_AGGRESSIVE;
				CLANG_WARN_UNREACHABLE_CODE = YES;
				CLANG_WARN__DUPLICATE_METHOD_MATCH = YES;
				COPY_PHASE_STRIP = NO;
				DEBUG_INFORMATION_FORMAT = "dwarf-with-dsym";
				ENABLE_NS_ASSERTIONS = NO;
				ENABLE_STRICT_OBJC_MSGSEND = YES;
				GCC_C_LANGUAGE_STANDARD = gnu11;
				GCC_NO_COMMON_BLOCKS = YES;
				GCC_WARN_64_TO_32_BIT_CONVERSION = YES;
				GCC_WARN_ABOUT_RETURN_TYPE = YES_ERROR;
				GCC_WARN_UNDECLARED_SELECTOR = YES;
				GCC_WARN_UNINITIALIZED_AUTOS = YES_AGGRESSIVE;
				GCC_WARN_UNUSED_FUNCTION = YES;
				GCC_WARN_UNUSED_VARIABLE = YES;
				IPHONEOS_DEPLOYMENT_TARGET = 15.5;
				MTL_ENABLE_DEBUG_INFO = NO;
				MTL_FAST_MATH = YES;
				SDKROOT = iphoneos;
				SWIFT_COMPILATION_MODE = wholemodule;
				SWIFT_OPTIMIZATION_LEVEL = "-O";
				VALIDATE_PRODUCT = YES;
			};
			name = Release;
		};
		091FA2FD2845D7D70035F3F4 /* Debug */ = {
			isa = XCBuildConfiguration;
			buildSettings = {
				ASSETCATALOG_COMPILER_APPICON_NAME = AppIcon;
				ASSETCATALOG_COMPILER_GLOBAL_ACCENT_COLOR_NAME = AccentColor;
				CODE_SIGN_ENTITLEMENTS = TakeTech/TakeTech.entitlements;
				CODE_SIGN_IDENTITY = "Apple Development";
				CODE_SIGN_STYLE = Automatic;
				CURRENT_PROJECT_VERSION = 1;
				DEVELOPMENT_ASSET_PATHS = "\"TakeTech/Preview Content\"";
				DEVELOPMENT_TEAM = DV9KKST323;
				ENABLE_PREVIEWS = YES;
				GENERATE_INFOPLIST_FILE = YES;
				INFOPLIST_KEY_UIApplicationSceneManifest_Generation = YES;
				INFOPLIST_KEY_UIApplicationSupportsIndirectInputEvents = YES;
				INFOPLIST_KEY_UILaunchScreen_Generation = YES;
				INFOPLIST_KEY_UISupportedInterfaceOrientations_iPad = "UIInterfaceOrientationPortrait UIInterfaceOrientationPortraitUpsideDown UIInterfaceOrientationLandscapeLeft UIInterfaceOrientationLandscapeRight";
				INFOPLIST_KEY_UISupportedInterfaceOrientations_iPhone = "UIInterfaceOrientationPortrait UIInterfaceOrientationLandscapeLeft UIInterfaceOrientationLandscapeRight";
				IPHONEOS_DEPLOYMENT_TARGET = 15.0;
				LD_RUNPATH_SEARCH_PATHS = (
					"$(inherited)",
					"@executable_path/Frameworks",
				);
				MARKETING_VERSION = 1.0;
				PRODUCT_BUNDLE_IDENTIFIER = com.ADA.TakeTech.sa;
				PRODUCT_NAME = "$(TARGET_NAME)";
				PROVISIONING_PROFILE_SPECIFIER = "";
				SWIFT_EMIT_LOC_STRINGS = YES;
				SWIFT_VERSION = 5.0;
				TARGETED_DEVICE_FAMILY = "1,2";
			};
			name = Debug;
		};
		091FA2FE2845D7D70035F3F4 /* Release */ = {
			isa = XCBuildConfiguration;
			buildSettings = {
				ASSETCATALOG_COMPILER_APPICON_NAME = AppIcon;
				ASSETCATALOG_COMPILER_GLOBAL_ACCENT_COLOR_NAME = AccentColor;
				CODE_SIGN_ENTITLEMENTS = TakeTech/TakeTech.entitlements;
				CODE_SIGN_IDENTITY = "Apple Development";
				CODE_SIGN_STYLE = Automatic;
				CURRENT_PROJECT_VERSION = 1;
				DEVELOPMENT_ASSET_PATHS = "\"TakeTech/Preview Content\"";
				DEVELOPMENT_TEAM = DV9KKST323;
				ENABLE_PREVIEWS = YES;
				GENERATE_INFOPLIST_FILE = YES;
				INFOPLIST_KEY_UIApplicationSceneManifest_Generation = YES;
				INFOPLIST_KEY_UIApplicationSupportsIndirectInputEvents = YES;
				INFOPLIST_KEY_UILaunchScreen_Generation = YES;
				INFOPLIST_KEY_UISupportedInterfaceOrientations_iPad = "UIInterfaceOrientationPortrait UIInterfaceOrientationPortraitUpsideDown UIInterfaceOrientationLandscapeLeft UIInterfaceOrientationLandscapeRight";
				INFOPLIST_KEY_UISupportedInterfaceOrientations_iPhone = "UIInterfaceOrientationPortrait UIInterfaceOrientationLandscapeLeft UIInterfaceOrientationLandscapeRight";
				IPHONEOS_DEPLOYMENT_TARGET = 15.0;
				LD_RUNPATH_SEARCH_PATHS = (
					"$(inherited)",
					"@executable_path/Frameworks",
				);
				MARKETING_VERSION = 1.0;
				PRODUCT_BUNDLE_IDENTIFIER = com.ADA.TakeTech.sa;
				PRODUCT_NAME = "$(TARGET_NAME)";
				PROVISIONING_PROFILE_SPECIFIER = "";
				SWIFT_EMIT_LOC_STRINGS = YES;
				SWIFT_VERSION = 5.0;
				TARGETED_DEVICE_FAMILY = "1,2";
			};
			name = Release;
		};
/* End XCBuildConfiguration section */

/* Begin XCConfigurationList section */
		091FA2E92845D7D70035F3F4 /* Build configuration list for PBXProject "TakeTech" */ = {
			isa = XCConfigurationList;
			buildConfigurations = (
				091FA2FA2845D7D70035F3F4 /* Debug */,
				091FA2FB2845D7D70035F3F4 /* Release */,
			);
			defaultConfigurationIsVisible = 0;
			defaultConfigurationName = Release;
		};
		091FA2FC2845D7D70035F3F4 /* Build configuration list for PBXNativeTarget "TakeTech" */ = {
			isa = XCConfigurationList;
			buildConfigurations = (
				091FA2FD2845D7D70035F3F4 /* Debug */,
				091FA2FE2845D7D70035F3F4 /* Release */,
			);
			defaultConfigurationIsVisible = 0;
			defaultConfigurationName = Release;
		};
/* End XCConfigurationList section */

/* Begin XCRemoteSwiftPackageReference section */
		10C56F1D2855E66400A55DD8 /* XCRemoteSwiftPackageReference "firebase-ios-sdk" */ = {
			isa = XCRemoteSwiftPackageReference;
			repositoryURL = "https://github.com/firebase/firebase-ios-sdk";
			requirement = {
				branch = master;
				kind = branch;
			};
		};
/* End XCRemoteSwiftPackageReference section */

/* Begin XCSwiftPackageProductDependency section */
		10C56F1E2855E66400A55DD8 /* FirebaseAuth */ = {
			isa = XCSwiftPackageProductDependency;
			package = 10C56F1D2855E66400A55DD8 /* XCRemoteSwiftPackageReference "firebase-ios-sdk" */;
			productName = FirebaseAuth;
		};
		10C56F202855E66400A55DD8 /* FirebaseFirestore */ = {
			isa = XCSwiftPackageProductDependency;
			package = 10C56F1D2855E66400A55DD8 /* XCRemoteSwiftPackageReference "firebase-ios-sdk" */;
			productName = FirebaseFirestore;
		};
		10C56F222855E66400A55DD8 /* FirebaseStorage */ = {
			isa = XCSwiftPackageProductDependency;
			package = 10C56F1D2855E66400A55DD8 /* XCRemoteSwiftPackageReference "firebase-ios-sdk" */;
			productName = FirebaseStorage;
		};
/* End XCSwiftPackageProductDependency section */
	};
	rootObject = 091FA2E62845D7D70035F3F4 /* Project object */;
}
